
Microsoft Visual Studio Solution File, Format Version 12.00
# Visual Studio Version 16
VisualStudioVersion = 16.0.30907.101
MinimumVisualStudioVersion = 10.0.40219.1
Project("{9A19103F-16F7-4668-BE54-9A1E7A4F7556}") = "DataAccess", "DataAccess\DataAccess.csproj", "{B0D554D1-53EA-4B58-92B0-8EAC66DBC13E}"
EndProject
Project("{9A19103F-16F7-4668-BE54-9A1E7A4F7556}") = "Business", "Business\Business.csproj", "{3546810E-5F2B-4E33-AB1F-1CA436F663E9}"
EndProject
Project("{9A19103F-16F7-4668-BE54-9A1E7A4F7556}") = "Entities", "Entities\Entities.csproj", "{5F987E6B-1CC3-42B0-A9C9-747A639E5B5E}"
EndProject
Project("{9A19103F-16F7-4668-BE54-9A1E7A4F7556}") = "ConsoleUI", "ConsoleUI\ConsoleUI.csproj", "{BCB8EEBF-ACE1-441A-A701-BC2F04F9027F}"
EndProject
Project("{FAE04EC0-301F-11D3-BF4B-00C04F79EFBC}") = "Core", "Core\Core.csproj", "{2A78B3DF-64E0-4619-BC13-B63D61B8FD1B}"
EndProject
Global
	GlobalSection(SolutionConfigurationPlatforms) = preSolution
		Debug|Any CPU = Debug|Any CPU
		Release|Any CPU = Release|Any CPU
	EndGlobalSection
	GlobalSection(ProjectConfigurationPlatforms) = postSolution
		{B0D554D1-53EA-4B58-92B0-8EAC66DBC13E}.Debug|Any CPU.ActiveCfg = Debug|Any CPU
		{B0D554D1-53EA-4B58-92B0-8EAC66DBC13E}.Debug|Any CPU.Build.0 = Debug|Any CPU
		{B0D554D1-53EA-4B58-92B0-8EAC66DBC13E}.Release|Any CPU.ActiveCfg = Release|Any CPU
		{B0D554D1-53EA-4B58-92B0-8EAC66DBC13E}.Release|Any CPU.Build.0 = Release|Any CPU
		{3546810E-5F2B-4E33-AB1F-1CA436F663E9}.Debug|Any CPU.ActiveCfg = Debug|Any CPU
		{3546810E-5F2B-4E33-AB1F-1CA436F663E9}.Debug|Any CPU.Build.0 = Debug|Any CPU
		{3546810E-5F2B-4E33-AB1F-1CA436F663E9}.Release|Any CPU.ActiveCfg = Release|Any CPU
		{3546810E-5F2B-4E33-AB1F-1CA436F663E9}.Release|Any CPU.Build.0 = Release|Any CPU
		{5F987E6B-1CC3-42B0-A9C9-747A639E5B5E}.Debug|Any CPU.ActiveCfg = Debug|Any CPU
		{5F987E6B-1CC3-42B0-A9C9-747A639E5B5E}.Debug|Any CPU.Build.0 = Debug|Any CPU
		{5F987E6B-1CC3-42B0-A9C9-747A639E5B5E}.Release|Any CPU.ActiveCfg = Release|Any CPU
		{5F987E6B-1CC3-42B0-A9C9-747A639E5B5E}.Release|Any CPU.Build.0 = Release|Any CPU
		{BCB8EEBF-ACE1-441A-A701-BC2F04F9027F}.Debug|Any CPU.ActiveCfg = Debug|Any CPU
		{BCB8EEBF-ACE1-441A-A701-BC2F04F9027F}.Debug|Any CPU.Build.0 = Debug|Any CPU
		{BCB8EEBF-ACE1-441A-A701-BC2F04F9027F}.Release|Any CPU.ActiveCfg = Release|Any CPU
		{BCB8EEBF-ACE1-441A-A701-BC2F04F9027F}.Release|Any CPU.Build.0 = Release|Any CPU
		{2A78B3DF-64E0-4619-BC13-B63D61B8FD1B}.Debug|Any CPU.ActiveCfg = Debug|Any CPU
		{2A78B3DF-64E0-4619-BC13-B63D61B8FD1B}.Debug|Any CPU.Build.0 = Debug|Any CPU
		{2A78B3DF-64E0-4619-BC13-B63D61B8FD1B}.Release|Any CPU.ActiveCfg = Release|Any CPU
		{2A78B3DF-64E0-4619-BC13-B63D61B8FD1B}.Release|Any CPU.Build.0 = Release|Any CPU
	EndGlobalSection
	GlobalSection(SolutionProperties) = preSolution
		HideSolutionNode = FALSE
	EndGlobalSection
	GlobalSection(ExtensibilityGlobals) = postSolution
		SolutionGuid = {13927915-A8E3-480F-A091-9DAED66DD2EA}
	EndGlobalSection
EndGlobal
